
Microsoft Visual Studio Solution File, Format Version 12.00
# Visual Studio Version 17
VisualStudioVersion = 17.14.37111.16 d17.14
MinimumVisualStudioVersion = 10.0.40219.1
Project("{FAE04EC0-301F-11D3-BF4B-00C04F79EFBC}") = "camila_lima_observer", "camila_lima_observer.csproj", "{B15AF240-A1EE-477F-8C19-2116DED7D163}"
EndProject
Global
	GlobalSection(SolutionConfigurationPlatforms) = preSolution
		Debug|Any CPU = Debug|Any CPU
		Release|Any CPU = Release|Any CPU
	EndGlobalSection
	GlobalSection(ProjectConfigurationPlatforms) = postSolution
		{B15AF240-A1EE-477F-8C19-2116DED7D163}.Debug|Any CPU.ActiveCfg = Debug|Any CPU
		{B15AF240-A1EE-477F-8C19-2116DED7D163}.Debug|Any CPU.Build.0 = Debug|Any CPU
		{B15AF240-A1EE-477F-8C19-2116DED7D163}.Release|Any CPU.ActiveCfg = Release|Any CPU
		{B15AF240-A1EE-477F-8C19-2116DED7D163}.Release|Any CPU.Build.0 = Release|Any CPU
	EndGlobalSection
	GlobalSection(SolutionProperties) = preSolution
		HideSolutionNode = FALSE
	EndGlobalSection
	GlobalSection(ExtensibilityGlobals) = postSolution
		SolutionGuid = {FB6899E7-C715-4BBD-B1AA-00BA849ECF97}
	EndGlobalSection
EndGlobal
